// !$*UTF8*$!
{
	archiveVersion = 1;
	classes = {
	};
	objectVersion = 50;
	objects = {

/* Begin PBXBuildFile section */
		FA06B5BE226CE4300037B2CF /* AppDelegate.swift in Sources */ = {isa = PBXBuildFile; fileRef = FA06B5BD226CE4300037B2CF /* AppDelegate.swift */; };
		FA06B5C0226CE4300037B2CF /* ResultsViewController.swift in Sources */ = {isa = PBXBuildFile; fileRef = FA06B5BF226CE4300037B2CF /* ResultsViewController.swift */; };
		FA06B5C3226CE4300037B2CF /* Main.storyboard in Resources */ = {isa = PBXBuildFile; fileRef = FA06B5C1226CE4300037B2CF /* Main.storyboard */; };
		FA06B5C5226CE4330037B2CF /* Assets.xcassets in Resources */ = {isa = PBXBuildFile; fileRef = FA06B5C4226CE4330037B2CF /* Assets.xcassets */; };
		FA06B5C8226CE4330037B2CF /* LaunchScreen.storyboard in Resources */ = {isa = PBXBuildFile; fileRef = FA06B5C6226CE4330037B2CF /* LaunchScreen.storyboard */; };
		FA06B5D0226CE61C0037B2CF /* SearchServices.swift in Sources */ = {isa = PBXBuildFile; fileRef = FA06B5CF226CE61C0037B2CF /* SearchServices.swift */; };
		FA06B5D2226CE6E50037B2CF /* YummlyIdentifiers.json in Resources */ = {isa = PBXBuildFile; fileRef = FA06B5D1226CE6E50037B2CF /* YummlyIdentifiers.json */; };
		FA06B5D4226CE75A0037B2CF /* YummlyIdentifiers.swift in Sources */ = {isa = PBXBuildFile; fileRef = FA06B5D3226CE75A0037B2CF /* YummlyIdentifiers.swift */; };
		FA06B5DC226CE9EC0037B2CF /* RecipePleaseTests.swift in Sources */ = {isa = PBXBuildFile; fileRef = FA06B5DB226CE9EC0037B2CF /* RecipePleaseTests.swift */; };
		FA06B5E8226DB8F20037B2CF /* VariousExtensions.swift in Sources */ = {isa = PBXBuildFile; fileRef = FA06B5E7226DB8F20037B2CF /* VariousExtensions.swift */; };
		FA06B5EA2279AF9F0037B2CF /* ResultCell.xib in Resources */ = {isa = PBXBuildFile; fileRef = FA06B5E92279AF9F0037B2CF /* ResultCell.xib */; };
		FA06B5EC2279B04E0037B2CF /* ResultCell.swift in Sources */ = {isa = PBXBuildFile; fileRef = FA06B5EB2279B04E0037B2CF /* ResultCell.swift */; };
		FA20C39422997899002241E4 /* RatingView.xib in Resources */ = {isa = PBXBuildFile; fileRef = FA20C39322997899002241E4 /* RatingView.xib */; };
		FA20C396229978B1002241E4 /* RatingView.swift in Sources */ = {isa = PBXBuildFile; fileRef = FA20C395229978B1002241E4 /* RatingView.swift */; };
		FA4714CB22998F0B00B61F6B /* YummlyResponseModels.swift in Sources */ = {isa = PBXBuildFile; fileRef = FA4714CA22998F0B00B61F6B /* YummlyResponseModels.swift */; };
		FAE2F88B2279B211001399D8 /* Storage.swift in Sources */ = {isa = PBXBuildFile; fileRef = FAE2F88A2279B211001399D8 /* Storage.swift */; };
		FAE2F88D2279D40D001399D8 /* SearchViewController.swift in Sources */ = {isa = PBXBuildFile; fileRef = FAE2F88C2279D40D001399D8 /* SearchViewController.swift */; };
/* End PBXBuildFile section */

/* Begin PBXContainerItemProxy section */
		FA06B5DE226CE9EC0037B2CF /* PBXContainerItemProxy */ = {
			isa = PBXContainerItemProxy;
			containerPortal = FA06B5B2226CE4300037B2CF /* Project object */;
			proxyType = 1;
			remoteGlobalIDString = FA06B5B9226CE4300037B2CF;
			remoteInfo = RecipePlease;
		};
/* End PBXContainerItemProxy section */

/* Begin PBXFileReference section */
		FA06B5BA226CE4300037B2CF /* RecipePlease.app */ = {isa = PBXFileReference; explicitFileType = wrapper.application; includeInIndex = 0; path = RecipePlease.app; sourceTree = BUILT_PRODUCTS_DIR; };
		FA06B5BD226CE4300037B2CF /* AppDelegate.swift */ = {isa = PBXFileReference; lastKnownFileType = sourcecode.swift; path = AppDelegate.swift; sourceTree = "<group>"; };
		FA06B5BF226CE4300037B2CF /* ResultsViewController.swift */ = {isa = PBXFileReference; lastKnownFileType = sourcecode.swift; path = ResultsViewController.swift; sourceTree = "<group>"; };
		FA06B5C2226CE4300037B2CF /* Base */ = {isa = PBXFileReference; lastKnownFileType = file.storyboard; name = Base; path = Base.lproj/Main.storyboard; sourceTree = "<group>"; };
		FA06B5C4226CE4330037B2CF /* Assets.xcassets */ = {isa = PBXFileReference; lastKnownFileType = folder.assetcatalog; path = Assets.xcassets; sourceTree = "<group>"; };
		FA06B5C7226CE4330037B2CF /* Base */ = {isa = PBXFileReference; lastKnownFileType = file.storyboard; name = Base; path = Base.lproj/LaunchScreen.storyboard; sourceTree = "<group>"; };
		FA06B5C9226CE4330037B2CF /* Info.plist */ = {isa = PBXFileReference; lastKnownFileType = text.plist.xml; path = Info.plist; sourceTree = "<group>"; };
		FA06B5CF226CE61C0037B2CF /* SearchServices.swift */ = {isa = PBXFileReference; lastKnownFileType = sourcecode.swift; path = SearchServices.swift; sourceTree = "<group>"; };
		FA06B5D1226CE6E50037B2CF /* YummlyIdentifiers.json */ = {isa = PBXFileReference; lastKnownFileType = text.json; path = YummlyIdentifiers.json; sourceTree = "<group>"; };
		FA06B5D3226CE75A0037B2CF /* YummlyIdentifiers.swift */ = {isa = PBXFileReference; lastKnownFileType = sourcecode.swift; path = YummlyIdentifiers.swift; sourceTree = "<group>"; };
		FA06B5D9226CE9EC0037B2CF /* RecipePleaseTests.xctest */ = {isa = PBXFileReference; explicitFileType = wrapper.cfbundle; includeInIndex = 0; path = RecipePleaseTests.xctest; sourceTree = BUILT_PRODUCTS_DIR; };
		FA06B5DB226CE9EC0037B2CF /* RecipePleaseTests.swift */ = {isa = PBXFileReference; lastKnownFileType = sourcecode.swift; path = RecipePleaseTests.swift; sourceTree = "<group>"; };
		FA06B5DD226CE9EC0037B2CF /* Info.plist */ = {isa = PBXFileReference; lastKnownFileType = text.plist.xml; path = Info.plist; sourceTree = "<group>"; };
		FA06B5E7226DB8F20037B2CF /* VariousExtensions.swift */ = {isa = PBXFileReference; lastKnownFileType = sourcecode.swift; path = VariousExtensions.swift; sourceTree = "<group>"; };
		FA06B5E92279AF9F0037B2CF /* ResultCell.xib */ = {isa = PBXFileReference; lastKnownFileType = file.xib; path = ResultCell.xib; sourceTree = "<group>"; };
		FA06B5EB2279B04E0037B2CF /* ResultCell.swift */ = {isa = PBXFileReference; lastKnownFileType = sourcecode.swift; path = ResultCell.swift; sourceTree = "<group>"; };
		FA20C39322997899002241E4 /* RatingView.xib */ = {isa = PBXFileReference; lastKnownFileType = file.xib; path = RatingView.xib; sourceTree = "<group>"; };
		FA20C395229978B1002241E4 /* RatingView.swift */ = {isa = PBXFileReference; lastKnownFileType = sourcecode.swift; path = RatingView.swift; sourceTree = "<group>"; };
		FA4714CA22998F0B00B61F6B /* YummlyResponseModels.swift */ = {isa = PBXFileReference; lastKnownFileType = sourcecode.swift; path = YummlyResponseModels.swift; sourceTree = "<group>"; };
		FAE2F88A2279B211001399D8 /* Storage.swift */ = {isa = PBXFileReference; lastKnownFileType = sourcecode.swift; path = Storage.swift; sourceTree = "<group>"; };
		FAE2F88C2279D40D001399D8 /* SearchViewController.swift */ = {isa = PBXFileReference; lastKnownFileType = sourcecode.swift; path = SearchViewController.swift; sourceTree = "<group>"; };
/* End PBXFileReference section */

/* Begin PBXFrameworksBuildPhase section */
		FA06B5B7226CE4300037B2CF /* Frameworks */ = {
			isa = PBXFrameworksBuildPhase;
			buildActionMask = 2147483647;
			files = (
			);
			runOnlyForDeploymentPostprocessing = 0;
		};
		FA06B5D6226CE9EC0037B2CF /* Frameworks */ = {
			isa = PBXFrameworksBuildPhase;
			buildActionMask = 2147483647;
			files = (
			);
			runOnlyForDeploymentPostprocessing = 0;
		};
/* End PBXFrameworksBuildPhase section */

/* Begin PBXGroup section */
		FA06B5B1226CE4300037B2CF = {
			isa = PBXGroup;
			children = (
				FA06B5BC226CE4300037B2CF /* RecipePlease */,
				FA06B5DA226CE9EC0037B2CF /* RecipePleaseTests */,
				FA06B5BB226CE4300037B2CF /* Products */,
			);
			sourceTree = "<group>";
		};
		FA06B5BB226CE4300037B2CF /* Products */ = {
			isa = PBXGroup;
			children = (
				FA06B5BA226CE4300037B2CF /* RecipePlease.app */,
				FA06B5D9226CE9EC0037B2CF /* RecipePleaseTests.xctest */,
			);
			name = Products;
			sourceTree = "<group>";
		};
		FA06B5BC226CE4300037B2CF /* RecipePlease */ = {
			isa = PBXGroup;
			children = (
				FA06B5E3226CF8AA0037B2CF /* Model */,
				FA06B5E4226CF8B80037B2CF /* View */,
				FA06B5E5226CF8C00037B2CF /* Controller */,
				FACF2E89227A0B83004954D4 /* Utils */,
				FA06B5E6226CF8CF0037B2CF /* SupportingFiles */,
			);
			path = RecipePlease;
			sourceTree = "<group>";
		};
		FA06B5DA226CE9EC0037B2CF /* RecipePleaseTests */ = {
			isa = PBXGroup;
			children = (
				FA06B5DB226CE9EC0037B2CF /* RecipePleaseTests.swift */,
				FA06B5DD226CE9EC0037B2CF /* Info.plist */,
			);
			path = RecipePleaseTests;
			sourceTree = "<group>";
		};
		FA06B5E3226CF8AA0037B2CF /* Model */ = {
			isa = PBXGroup;
			children = (
				FA06B5CF226CE61C0037B2CF /* SearchServices.swift */,
				FA06B5D3226CE75A0037B2CF /* YummlyIdentifiers.swift */,
				FAE2F88A2279B211001399D8 /* Storage.swift */,
				FA4714CA22998F0B00B61F6B /* YummlyResponseModels.swift */,
			);
			path = Model;
			sourceTree = "<group>";
		};
		FA06B5E4226CF8B80037B2CF /* View */ = {
			isa = PBXGroup;
			children = (
				FA06B5C1226CE4300037B2CF /* Main.storyboard */,
				FA06B5C6226CE4330037B2CF /* LaunchScreen.storyboard */,
			);
			path = View;
			sourceTree = "<group>";
		};
		FA06B5E5226CF8C00037B2CF /* Controller */ = {
			isa = PBXGroup;
			children = (
				FAE2F88C2279D40D001399D8 /* SearchViewController.swift */,
				FA06B5BF226CE4300037B2CF /* ResultsViewController.swift */,
			);
			path = Controller;
			sourceTree = "<group>";
		};
		FA06B5E6226CF8CF0037B2CF /* SupportingFiles */ = {
			isa = PBXGroup;
			children = (
				FA06B5D1226CE6E50037B2CF /* YummlyIdentifiers.json */,
				FA06B5C9226CE4330037B2CF /* Info.plist */,
				FA06B5C4226CE4330037B2CF /* Assets.xcassets */,
				FA06B5BD226CE4300037B2CF /* AppDelegate.swift */,
				FA06B5E7226DB8F20037B2CF /* VariousExtensions.swift */,
			);
			path = SupportingFiles;
			sourceTree = "<group>";
		};
		FA20C38E229974C4002241E4 /* CustomView */ = {
			isa = PBXGroup;
			children = (
				FA20C39322997899002241E4 /* RatingView.xib */,
				FA20C395229978B1002241E4 /* RatingView.swift */,
			);
			path = CustomView;
			sourceTree = "<group>";
		};
		FACF2E89227A0B83004954D4 /* Utils */ = {
			isa = PBXGroup;
			children = (
				FA20C38E229974C4002241E4 /* CustomView */,
				FACF2E8A227A0B90004954D4 /* Cells */,
			);
			path = Utils;
			sourceTree = "<group>";
		};
		FACF2E8A227A0B90004954D4 /* Cells */ = {
			isa = PBXGroup;
			children = (
				FACF2E8B227A0B97004954D4 /* ResultCell */,
			);
			path = Cells;
			sourceTree = "<group>";
		};
		FACF2E8B227A0B97004954D4 /* ResultCell */ = {
			isa = PBXGroup;
			children = (
				FA06B5E92279AF9F0037B2CF /* ResultCell.xib */,
				FA06B5EB2279B04E0037B2CF /* ResultCell.swift */,
			);
			path = ResultCell;
			sourceTree = "<group>";
		};
/* End PBXGroup section */

/* Begin PBXNativeTarget section */
		FA06B5B9226CE4300037B2CF /* RecipePlease */ = {
			isa = PBXNativeTarget;
			buildConfigurationList = FA06B5CC226CE4330037B2CF /* Build configuration list for PBXNativeTarget "RecipePlease" */;
			buildPhases = (
				FA06B5B6226CE4300037B2CF /* Sources */,
				FA06B5B7226CE4300037B2CF /* Frameworks */,
				FA06B5B8226CE4300037B2CF /* Resources */,
			);
			buildRules = (
			);
			dependencies = (
			);
			name = RecipePlease;
			productName = RecipePlease;
			productReference = FA06B5BA226CE4300037B2CF /* RecipePlease.app */;
			productType = "com.apple.product-type.application";
		};
		FA06B5D8226CE9EC0037B2CF /* RecipePleaseTests */ = {
			isa = PBXNativeTarget;
			buildConfigurationList = FA06B5E0226CE9EC0037B2CF /* Build configuration list for PBXNativeTarget "RecipePleaseTests" */;
			buildPhases = (
				FA06B5D5226CE9EC0037B2CF /* Sources */,
				FA06B5D6226CE9EC0037B2CF /* Frameworks */,
				FA06B5D7226CE9EC0037B2CF /* Resources */,
			);
			buildRules = (
			);
			dependencies = (
				FA06B5DF226CE9EC0037B2CF /* PBXTargetDependency */,
			);
			name = RecipePleaseTests;
			productName = RecipePleaseTests;
			productReference = FA06B5D9226CE9EC0037B2CF /* RecipePleaseTests.xctest */;
			productType = "com.apple.product-type.bundle.unit-test";
		};
/* End PBXNativeTarget section */

/* Begin PBXProject section */
		FA06B5B2226CE4300037B2CF /* Project object */ = {
			isa = PBXProject;
			attributes = {
				LastSwiftUpdateCheck = 1010;
				LastUpgradeCheck = 1010;
				ORGANIZATIONNAME = "Alexandre Holet";
				TargetAttributes = {
					FA06B5B9226CE4300037B2CF = {
						CreatedOnToolsVersion = 10.1;
					};
					FA06B5D8226CE9EC0037B2CF = {
						CreatedOnToolsVersion = 10.1;
						TestTargetID = FA06B5B9226CE4300037B2CF;
					};
				};
			};
			buildConfigurationList = FA06B5B5226CE4300037B2CF /* Build configuration list for PBXProject "RecipePlease" */;
			compatibilityVersion = "Xcode 9.3";
			developmentRegion = en;
			hasScannedForEncodings = 0;
			knownRegions = (
				en,
				Base,
			);
			mainGroup = FA06B5B1226CE4300037B2CF;
			productRefGroup = FA06B5BB226CE4300037B2CF /* Products */;
			projectDirPath = "";
			projectRoot = "";
			targets = (
				FA06B5B9226CE4300037B2CF /* RecipePlease */,
				FA06B5D8226CE9EC0037B2CF /* RecipePleaseTests */,
			);
		};
/* End PBXProject section */

/* Begin PBXResourcesBuildPhase section */
		FA06B5B8226CE4300037B2CF /* Resources */ = {
			isa = PBXResourcesBuildPhase;
			buildActionMask = 2147483647;
			files = (
				FA06B5D2226CE6E50037B2CF /* YummlyIdentifiers.json in Resources */,
				FA06B5C8226CE4330037B2CF /* LaunchScreen.storyboard in Resources */,
				FA06B5C5226CE4330037B2CF /* Assets.xcassets in Resources */,
				FA06B5C3226CE4300037B2CF /* Main.storyboard in Resources */,
				FA06B5EA2279AF9F0037B2CF /* ResultCell.xib in Resources */,
				FA20C39422997899002241E4 /* RatingView.xib in Resources */,
			);
			runOnlyForDeploymentPostprocessing = 0;
		};
		FA06B5D7226CE9EC0037B2CF /* Resources */ = {
			isa = PBXResourcesBuildPhase;
			buildActionMask = 2147483647;
			files = (
			);
			runOnlyForDeploymentPostprocessing = 0;
		};
/* End PBXResourcesBuildPhase section */

/* Begin PBXSourcesBuildPhase section */
		FA06B5B6226CE4300037B2CF /* Sources */ = {
			isa = PBXSourcesBuildPhase;
			buildActionMask = 2147483647;
			files = (
				FA06B5C0226CE4300037B2CF /* ResultsViewController.swift in Sources */,
				FAE2F88B2279B211001399D8 /* Storage.swift in Sources */,
				FAE2F88D2279D40D001399D8 /* SearchViewController.swift in Sources */,
				FA20C396229978B1002241E4 /* RatingView.swift in Sources */,
				FA06B5D4226CE75A0037B2CF /* YummlyIdentifiers.swift in Sources */,
				FA4714CB22998F0B00B61F6B /* YummlyResponseModels.swift in Sources */,
				FA06B5EC2279B04E0037B2CF /* ResultCell.swift in Sources */,
				FA06B5E8226DB8F20037B2CF /* VariousExtensions.swift in Sources */,
				FA06B5BE226CE4300037B2CF /* AppDelegate.swift in Sources */,
				FA06B5D0226CE61C0037B2CF /* SearchServices.swift in Sources */,
			);
			runOnlyForDeploymentPostprocessing = 0;
		};
		FA06B5D5226CE9EC0037B2CF /* Sources */ = {
			isa = PBXSourcesBuildPhase;
			buildActionMask = 2147483647;
			files = (
				FA06B5DC226CE9EC0037B2CF /* RecipePleaseTests.swift in Sources */,
			);
			runOnlyForDeploymentPostprocessing = 0;
		};
/* End PBXSourcesBuildPhase section */

/* Begin PBXTargetDependency section */
		FA06B5DF226CE9EC0037B2CF /* PBXTargetDependency */ = {
			isa = PBXTargetDependency;
			target = FA06B5B9226CE4300037B2CF /* RecipePlease */;
			targetProxy = FA06B5DE226CE9EC0037B2CF /* PBXContainerItemProxy */;
		};
/* End PBXTargetDependency section */

/* Begin PBXVariantGroup section */
		FA06B5C1226CE4300037B2CF /* Main.storyboard */ = {
			isa = PBXVariantGroup;
			children = (
				FA06B5C2226CE4300037B2CF /* Base */,
			);
			name = Main.storyboard;
			sourceTree = "<group>";
		};
		FA06B5C6226CE4330037B2CF /* LaunchScreen.storyboard */ = {
			isa = PBXVariantGroup;
			children = (
				FA06B5C7226CE4330037B2CF /* Base */,
			);
			name = LaunchScreen.storyboard;
			sourceTree = "<group>";
		};
/* End PBXVariantGroup section */

/* Begin XCBuildConfiguration section */
		FA06B5CA226CE4330037B2CF /* Debug */ = {
			isa = XCBuildConfiguration;
			buildSettings = {
				ALWAYS_SEARCH_USER_PATHS = NO;
				CLANG_ANALYZER_NONNULL = YES;
				CLANG_ANALYZER_NUMBER_OBJECT_CONVERSION = YES_AGGRESSIVE;
				CLANG_CXX_LANGUAGE_STANDARD = "gnu++14";
				CLANG_CXX_LIBRARY = "libc++";
				CLANG_ENABLE_MODULES = YES;
				CLANG_ENABLE_OBJC_ARC = YES;
				CLANG_ENABLE_OBJC_WEAK = YES;
				CLANG_WARN_BLOCK_CAPTURE_AUTORELEASING = YES;
				CLANG_WARN_BOOL_CONVERSION = YES;
				CLANG_WARN_COMMA = YES;
				CLANG_WARN_CONSTANT_CONVERSION = YES;
				CLANG_WARN_DEPRECATED_OBJC_IMPLEMENTATIONS = YES;
				CLANG_WARN_DIRECT_OBJC_ISA_USAGE = YES_ERROR;
				CLANG_WARN_DOCUMENTATION_COMMENTS = YES;
				CLANG_WARN_EMPTY_BODY = YES;
				CLANG_WARN_ENUM_CONVERSION = YES;
				CLANG_WARN_INFINITE_RECURSION = YES;
				CLANG_WARN_INT_CONVERSION = YES;
				CLANG_WARN_NON_LITERAL_NULL_CONVERSION = YES;
				CLANG_WARN_OBJC_IMPLICIT_RETAIN_SELF = YES;
				CLANG_WARN_OBJC_LITERAL_CONVERSION = YES;
				CLANG_WARN_OBJC_ROOT_CLASS = YES_ERROR;
				CLANG_WARN_RANGE_LOOP_ANALYSIS = YES;
				CLANG_WARN_STRICT_PROTOTYPES = YES;
				CLANG_WARN_SUSPICIOUS_MOVE = YES;
				CLANG_WARN_UNGUARDED_AVAILABILITY = YES_AGGRESSIVE;
				CLANG_WARN_UNREACHABLE_CODE = YES;
				CLANG_WARN__DUPLICATE_METHOD_MATCH = YES;
				CODE_SIGN_IDENTITY = "iPhone Developer";
				COPY_PHASE_STRIP = NO;
				DEBUG_INFORMATION_FORMAT = dwarf;
				ENABLE_STRICT_OBJC_MSGSEND = YES;
				ENABLE_TESTABILITY = YES;
				GCC_C_LANGUAGE_STANDARD = gnu11;
				GCC_DYNAMIC_NO_PIC = NO;
				GCC_NO_COMMON_BLOCKS = YES;
				GCC_OPTIMIZATION_LEVEL = 0;
				GCC_PREPROCESSOR_DEFINITIONS = (
					"DEBUG=1",
					"$(inherited)",
				);
				GCC_WARN_64_TO_32_BIT_CONVERSION = YES;
				GCC_WARN_ABOUT_RETURN_TYPE = YES_ERROR;
				GCC_WARN_UNDECLARED_SELECTOR = YES;
				GCC_WARN_UNINITIALIZED_AUTOS = YES_AGGRESSIVE;
				GCC_WARN_UNUSED_FUNCTION = YES;
				GCC_WARN_UNUSED_VARIABLE = YES;
				IPHONEOS_DEPLOYMENT_TARGET = 12.1;
				MTL_ENABLE_DEBUG_INFO = INCLUDE_SOURCE;
				MTL_FAST_MATH = YES;
				ONLY_ACTIVE_ARCH = YES;
				SDKROOT = iphoneos;
				SWIFT_ACTIVE_COMPILATION_CONDITIONS = DEBUG;
				SWIFT_OPTIMIZATION_LEVEL = "-Onone";
			};
			name = Debug;
		};
		FA06B5CB226CE4330037B2CF /* Release */ = {
			isa = XCBuildConfiguration;
			buildSettings = {
				ALWAYS_SEARCH_USER_PATHS = NO;
				CLANG_ANALYZER_NONNULL = YES;
				CLANG_ANALYZER_NUMBER_OBJECT_CONVERSION = YES_AGGRESSIVE;
				CLANG_CXX_LANGUAGE_STANDARD = "gnu++14";
				CLANG_CXX_LIBRARY = "libc++";
				CLANG_ENABLE_MODULES = YES;
				CLANG_ENABLE_OBJC_ARC = YES;
				CLANG_ENABLE_OBJC_WEAK = YES;
				CLANG_WARN_BLOCK_CAPTURE_AUTORELEASING = YES;
				CLANG_WARN_BOOL_CONVERSION = YES;
				CLANG_WARN_COMMA = YES;
				CLANG_WARN_CONSTANT_CONVERSION = YES;
				CLANG_WARN_DEPRECATED_OBJC_IMPLEMENTATIONS = YES;
				CLANG_WARN_DIRECT_OBJC_ISA_USAGE = YES_ERROR;
				CLANG_WARN_DOCUMENTATION_COMMENTS = YES;
				CLANG_WARN_EMPTY_BODY = YES;
				CLANG_WARN_ENUM_CONVERSION = YES;
				CLANG_WARN_INFINITE_RECURSION = YES;
				CLANG_WARN_INT_CONVERSION = YES;
				CLANG_WARN_NON_LITERAL_NULL_CONVERSION = YES;
				CLANG_WARN_OBJC_IMPLICIT_RETAIN_SELF = YES;
				CLANG_WARN_OBJC_LITERAL_CONVERSION = YES;
				CLANG_WARN_OBJC_ROOT_CLASS = YES_ERROR;
				CLANG_WARN_RANGE_LOOP_ANALYSIS = YES;
				CLANG_WARN_STRICT_PROTOTYPES = YES;
				CLANG_WARN_SUSPICIOUS_MOVE = YES;
				CLANG_WARN_UNGUARDED_AVAILABILITY = YES_AGGRESSIVE;
				CLANG_WARN_UNREACHABLE_CODE = YES;
				CLANG_WARN__DUPLICATE_METHOD_MATCH = YES;
				CODE_SIGN_IDENTITY = "iPhone Developer";
				COPY_PHASE_STRIP = NO;
				DEBUG_INFORMATION_FORMAT = "dwarf-with-dsym";
				ENABLE_NS_ASSERTIONS = NO;
				ENABLE_STRICT_OBJC_MSGSEND = YES;
				GCC_C_LANGUAGE_STANDARD = gnu11;
				GCC_NO_COMMON_BLOCKS = YES;
				GCC_WARN_64_TO_32_BIT_CONVERSION = YES;
				GCC_WARN_ABOUT_RETURN_TYPE = YES_ERROR;
				GCC_WARN_UNDECLARED_SELECTOR = YES;
				GCC_WARN_UNINITIALIZED_AUTOS = YES_AGGRESSIVE;
				GCC_WARN_UNUSED_FUNCTION = YES;
				GCC_WARN_UNUSED_VARIABLE = YES;
				IPHONEOS_DEPLOYMENT_TARGET = 12.1;
				MTL_ENABLE_DEBUG_INFO = NO;
				MTL_FAST_MATH = YES;
				SDKROOT = iphoneos;
				SWIFT_COMPILATION_MODE = wholemodule;
				SWIFT_OPTIMIZATION_LEVEL = "-O";
				VALIDATE_PRODUCT = YES;
			};
			name = Release;
		};
		FA06B5CD226CE4330037B2CF /* Debug */ = {
			isa = XCBuildConfiguration;
			buildSettings = {
				ASSETCATALOG_COMPILER_APPICON_NAME = AppIcon;
				CODE_SIGN_STYLE = Automatic;
				DEVELOPMENT_TEAM = 529LRG4ZS2;
				INFOPLIST_FILE = RecipePlease/SupportingFiles/Info.plist;
				IPHONEOS_DEPLOYMENT_TARGET = 10.3;
				LD_RUNPATH_SEARCH_PATHS = (
					"$(inherited)",
					"@executable_path/Frameworks",
				);
				PRODUCT_BUNDLE_IDENTIFIER = fr.alexandreholet.RecipePlease;
				PRODUCT_NAME = "$(TARGET_NAME)";
				SWIFT_VERSION = 4.2;
				TARGETED_DEVICE_FAMILY = 1;
			};
			name = Debug;
		};
		FA06B5CE226CE4330037B2CF /* Release */ = {
			isa = XCBuildConfiguration;
			buildSettings = {
				ASSETCATALOG_COMPILER_APPICON_NAME = AppIcon;
				CODE_SIGN_STYLE = Automatic;
				DEVELOPMENT_TEAM = 529LRG4ZS2;
				INFOPLIST_FILE = RecipePlease/SupportingFiles/Info.plist;
				IPHONEOS_DEPLOYMENT_TARGET = 10.3;
				LD_RUNPATH_SEARCH_PATHS = (
					"$(inherited)",
					"@executable_path/Frameworks",
				);
				PRODUCT_BUNDLE_IDENTIFIER = fr.alexandreholet.RecipePlease;
				PRODUCT_NAME = "$(TARGET_NAME)";
				SWIFT_VERSION = 4.2;
				TARGETED_DEVICE_FAMILY = 1;
			};
			name = Release;
		};
		FA06B5E1226CE9EC0037B2CF /* Debug */ = {
			isa = XCBuildConfiguration;
			buildSettings = {
				BUNDLE_LOADER = "$(TEST_HOST)";
				CODE_SIGN_STYLE = Automatic;
				DEVELOPMENT_TEAM = 529LRG4ZS2;
				INFOPLIST_FILE = RecipePleaseTests/Info.plist;
				LD_RUNPATH_SEARCH_PATHS = (
					"$(inherited)",
					"@executable_path/Frameworks",
					"@loader_path/Frameworks",
				);
				PRODUCT_BUNDLE_IDENTIFIER = fr.alexandreholet.RecipePleaseTests;
				PRODUCT_NAME = "$(TARGET_NAME)";
				SWIFT_VERSION = 4.2;
				TARGETED_DEVICE_FAMILY = "1,2";
				TEST_HOST = "$(BUILT_PRODUCTS_DIR)/RecipePlease.app/RecipePlease";
			};
			name = Debug;
		};
		FA06B5E2226CE9EC0037B2CF /* Release */ = {
			isa = XCBuildConfiguration;
			buildSettings = {
				BUNDLE_LOADER = "$(TEST_HOST)";
				CODE_SIGN_STYLE = Automatic;
				DEVELOPMENT_TEAM = 529LRG4ZS2;
				INFOPLIST_FILE = RecipePleaseTests/Info.plist;
				LD_RUNPATH_SEARCH_PATHS = (
					"$(inherited)",
					"@executable_path/Frameworks",
					"@loader_path/Frameworks",
				);
				PRODUCT_BUNDLE_IDENTIFIER = fr.alexandreholet.RecipePleaseTests;
				PRODUCT_NAME = "$(TARGET_NAME)";
				SWIFT_VERSION = 4.2;
				TARGETED_DEVICE_FAMILY = "1,2";
				TEST_HOST = "$(BUILT_PRODUCTS_DIR)/RecipePlease.app/RecipePlease";
			};
			name = Release;
		};
/* End XCBuildConfiguration section */

/* Begin XCConfigurationList section */
		FA06B5B5226CE4300037B2CF /* Build configuration list for PBXProject "RecipePlease" */ = {
			isa = XCConfigurationList;
			buildConfigurations = (
				FA06B5CA226CE4330037B2CF /* Debug */,
				FA06B5CB226CE4330037B2CF /* Release */,
			);
			defaultConfigurationIsVisible = 0;
			defaultConfigurationName = Release;
		};
		FA06B5CC226CE4330037B2CF /* Build configuration list for PBXNativeTarget "RecipePlease" */ = {
			isa = XCConfigurationList;
			buildConfigurations = (
				FA06B5CD226CE4330037B2CF /* Debug */,
				FA06B5CE226CE4330037B2CF /* Release */,
			);
			defaultConfigurationIsVisible = 0;
			defaultConfigurationName = Release;
		};
		FA06B5E0226CE9EC0037B2CF /* Build configuration list for PBXNativeTarget "RecipePleaseTests" */ = {
			isa = XCConfigurationList;
			buildConfigurations = (
				FA06B5E1226CE9EC0037B2CF /* Debug */,
				FA06B5E2226CE9EC0037B2CF /* Release */,
			);
			defaultConfigurationIsVisible = 0;
			defaultConfigurationName = Release;
		};
/* End XCConfigurationList section */
	};
	rootObject = FA06B5B2226CE4300037B2CF /* Project object */;
}
